
Microsoft Visual Studio Solution File, Format Version 12.00
# Visual Studio Version 16
VisualStudioVersion = 16.0.29102.190
MinimumVisualStudioVersion = 10.0.40219.1
Project("{FAE04EC0-301F-11D3-BF4B-00C04F79EFBC}") = "HelloWorld", "HelloWorld\HelloWorld.csproj", "{29C6273F-16AE-45FE-830D-E440AC5591C9}"
EndProject
Global
	GlobalSection(SolutionConfigurationPlatforms) = preSolution
		Debug|Any CPU = Debug|Any CPU
		Release|Any CPU = Release|Any CPU
	EndGlobalSection
	GlobalSection(ProjectConfigurationPlatforms) = postSolution
		{29C6273F-16AE-45FE-830D-E440AC5591C9}.Debug|Any CPU.ActiveCfg = Debug|Any CPU
		{29C6273F-16AE-45FE-830D-E440AC5591C9}.Debug|Any CPU.Build.0 = Debug|Any CPU
		{29C6273F-16AE-45FE-830D-E440AC5591C9}.Release|Any CPU.ActiveCfg = Release|Any CPU
		{29C6273F-16AE-45FE-830D-E440AC5591C9}.Release|Any CPU.Build.0 = Release|Any CPU
	EndGlobalSection
	GlobalSection(SolutionProperties) = preSolution
		HideSolutionNode = FALSE
	EndGlobalSection
	GlobalSection(ExtensibilityGlobals) = postSolution
		SolutionGuid = {CFC64D02-C0C7-4A86-85A9-93D11CBB4C0C}
	EndGlobalSection
EndGlobal
